// !$*UTF8*$!
{
	archiveVersion = 1;
	classes = {
	};
	objectVersion = 71;
	objects = {

/* Begin PBXBuildFile section */
		A00000000000000000000001 /* RunnerzApp.swift in Sources */ = {isa = PBXBuildFile; fileRef = A00000000000000000000011 /* RunnerzApp.swift */; };
		A00000000000000000000002 /* FTMSTreadmillManager.swift in Sources */ = {isa = PBXBuildFile; fileRef = A00000000000000000000012 /* FTMSTreadmillManager.swift */; };
		A00000000000000000000003 /* WorkoutManager.swift in Sources */ = {isa = PBXBuildFile; fileRef = A00000000000000000000013 /* WorkoutManager.swift */; };
		A00000000000000000000004 /* RunnerzIcon.png in Resources */ = {isa = PBXBuildFile; fileRef = A00000000000000000000017 /* RunnerzIcon.png */; };
		B00000000000000000000004 /* RunnerzComplication.swift in Sources */ = {isa = PBXBuildFile; fileRef = B00000000000000000000001 /* RunnerzComplication.swift */; };
		B00000000000000000000006 /* RunnerzComplication.appex in Embed Foundation Extensions */ = {isa = PBXBuildFile; fileRef = B00000000000000000000003 /* RunnerzComplication.appex */; settings = {ATTRIBUTES = (CodeSignOnCopy, RemoveHeadersOnCopy, ); }; };
/* End PBXBuildFile section */

/* Begin PBXContainerItemProxy section */
		B00000000000000000000015 /* PBXContainerItemProxy */ = {
			isa = PBXContainerItemProxy;
			containerPortal = A00000000000000000000050 /* Project object */;
			proxyType = 1;
			remoteGlobalIDString = B00000000000000000000011;
			remoteInfo = RunnerzComplication;
		};
/* End PBXContainerItemProxy section */

/* Begin PBXCopyFilesBuildPhase section */
		B00000000000000000000017 /* Embed Foundation Extensions */ = {
			isa = PBXCopyFilesBuildPhase;
			buildActionMask = 2147483647;
			dstPath = "";
			dstSubfolderSpec = 13;
			files = (
				B00000000000000000000006 /* RunnerzComplication.appex in Embed Foundation Extensions */,
			);
			name = "Embed Foundation Extensions";
			runOnlyForDeploymentPostprocessing = 0;
		};
/* End PBXCopyFilesBuildPhase section */

/* Begin PBXFileReference section */
		A00000000000000000000010 /* Runnerz.app */ = {isa = PBXFileReference; explicitFileType = wrapper.application; includeInIndex = 0; path = Runnerz.app; sourceTree = BUILT_PRODUCTS_DIR; };
		A00000000000000000000011 /* RunnerzApp.swift */ = {isa = PBXFileReference; lastKnownFileType = sourcecode.swift; path = RunnerzApp.swift; sourceTree = "<group>"; };
		A00000000000000000000012 /* FTMSTreadmillManager.swift */ = {isa = PBXFileReference; lastKnownFileType = sourcecode.swift; path = FTMSTreadmillManager.swift; sourceTree = "<group>"; };
		A00000000000000000000013 /* WorkoutManager.swift */ = {isa = PBXFileReference; lastKnownFileType = sourcecode.swift; path = WorkoutManager.swift; sourceTree = "<group>"; };
		A00000000000000000000014 /* Info.plist */ = {isa = PBXFileReference; lastKnownFileType = text.plist.xml; path = Info.plist; sourceTree = "<group>"; };
		A00000000000000000000015 /* Runnerz.entitlements */ = {isa = PBXFileReference; lastKnownFileType = text.plist.entitlements; path = Runnerz.entitlements; sourceTree = "<group>"; };
		A00000000000000000000017 /* RunnerzIcon.png */ = {isa = PBXFileReference; lastKnownFileType = image.png; path = RunnerzIcon.png; sourceTree = "<group>"; };
		B00000000000000000000001 /* RunnerzComplication.swift */ = {isa = PBXFileReference; lastKnownFileType = sourcecode.swift; path = RunnerzComplication.swift; sourceTree = "<group>"; };
		B00000000000000000000002 /* Info.plist */ = {isa = PBXFileReference; lastKnownFileType = text.plist.xml; path = Info.plist; sourceTree = "<group>"; };
		B00000000000000000000003 /* RunnerzComplication.appex */ = {isa = PBXFileReference; explicitFileType = "wrapper.app-extension"; includeInIndex = 0; path = RunnerzComplication.appex; sourceTree = BUILT_PRODUCTS_DIR; };
/* End PBXFileReference section */

/* Begin PBXFrameworksBuildPhase section */
		A00000000000000000000020 /* Frameworks */ = {
			isa = PBXFrameworksBuildPhase;
			buildActionMask = 2147483647;
			files = (
			);
			runOnlyForDeploymentPostprocessing = 0;
		};
		B00000000000000000000008 /* Frameworks */ = {
			isa = PBXFrameworksBuildPhase;
			buildActionMask = 2147483647;
			files = (
			);
			runOnlyForDeploymentPostprocessing = 0;
		};
/* End PBXFrameworksBuildPhase section */

/* Begin PBXGroup section */
		A00000000000000000000030 = {
			isa = PBXGroup;
			children = (
				A00000000000000000000031 /* Runnerz */,
				B00000000000000000000010 /* RunnerzComplication */,
				A00000000000000000000032 /* Products */,
			);
			sourceTree = "<group>";
		};
		A00000000000000000000031 /* Runnerz */ = {
			isa = PBXGroup;
			children = (
				A00000000000000000000011 /* RunnerzApp.swift */,
				A00000000000000000000012 /* FTMSTreadmillManager.swift */,
				A00000000000000000000013 /* WorkoutManager.swift */,
				A00000000000000000000014 /* Info.plist */,
				A00000000000000000000015 /* Runnerz.entitlements */,
				A00000000000000000000017 /* RunnerzIcon.png */,
			);
			name = Runnerz;
			sourceTree = "<group>";
		};
		A00000000000000000000032 /* Products */ = {
			isa = PBXGroup;
			children = (
				A00000000000000000000010 /* Runnerz.app */,
				B00000000000000000000003 /* RunnerzComplication.appex */,
			);
			name = Products;
			sourceTree = "<group>";
		};
		B00000000000000000000010 /* RunnerzComplication */ = {
			isa = PBXGroup;
			children = (
				B00000000000000000000001 /* RunnerzComplication.swift */,
				B00000000000000000000002 /* Info.plist */,
			);
			path = RunnerzComplication;
			sourceTree = "<group>";
		};
/* End PBXGroup section */

/* Begin PBXNativeTarget section */
		A00000000000000000000040 /* Runnerz */ = {
			isa = PBXNativeTarget;
			buildConfigurationList = A00000000000000000000051 /* Build configuration list for PBXNativeTarget "Runnerz" */;
			buildPhases = (
				A00000000000000000000041 /* Sources */,
				A00000000000000000000020 /* Frameworks */,
				A00000000000000000000042 /* Resources */,
				B00000000000000000000017 /* Embed Foundation Extensions */,
			);
			buildRules = (
			);
			dependencies = (
				B00000000000000000000016 /* PBXTargetDependency */,
			);
			name = Runnerz;
			productName = Runnerz;
			productReference = A00000000000000000000010 /* Runnerz.app */;
			productType = "com.apple.product-type.application";
		};
		B00000000000000000000011 /* RunnerzComplication */ = {
			isa = PBXNativeTarget;
			buildConfigurationList = B00000000000000000000012 /* Build configuration list for PBXNativeTarget "RunnerzComplication" */;
			buildPhases = (
				B00000000000000000000007 /* Sources */,
				B00000000000000000000008 /* Frameworks */,
				B00000000000000000000009 /* Resources */,
			);
			buildRules = (
			);
			dependencies = (
			);
			name = RunnerzComplication;
			productName = RunnerzComplication;
			productReference = B00000000000000000000003 /* RunnerzComplication.appex */;
			productType = "com.apple.product-type.app-extension";
		};
/* End PBXNativeTarget section */

/* Begin PBXProject section */
		A00000000000000000000050 /* Project object */ = {
			isa = PBXProject;
			attributes = {
				LastUpgradeCheck = 2660;
				TargetAttributes = {
					A00000000000000000000040 = {
						CreatedOnToolsVersion = 26.6;
					};
					B00000000000000000000011 = {
						CreatedOnToolsVersion = 26.6;
					};
				};
			};
			buildConfigurationList = A00000000000000000000052 /* Build configuration list for PBXProject "Runnerz" */;
			compatibilityVersion = "Xcode 16.0";
			developmentRegion = en;
			hasScannedForEncodings = 0;
			knownRegions = (
				en,
				Base,
			);
			mainGroup = A00000000000000000000030;
			productRefGroup = A00000000000000000000032 /* Products */;
			projectDirPath = "";
			projectRoot = "";
			targets = (
				A00000000000000000000040 /* Runnerz */,
				B00000000000000000000011 /* RunnerzComplication */,
			);
		};
/* End PBXProject section */

/* Begin PBXResourcesBuildPhase section */
		A00000000000000000000042 /* Resources */ = {
			isa = PBXResourcesBuildPhase;
			buildActionMask = 2147483647;
			files = (
				A00000000000000000000004 /* RunnerzIcon.png in Resources */,
			);
			runOnlyForDeploymentPostprocessing = 0;
		};
		B00000000000000000000009 /* Resources */ = {
			isa = PBXResourcesBuildPhase;
			buildActionMask = 2147483647;
			files = (
			);
			runOnlyForDeploymentPostprocessing = 0;
		};
/* End PBXResourcesBuildPhase section */

/* Begin PBXSourcesBuildPhase section */
		A00000000000000000000041 /* Sources */ = {
			isa = PBXSourcesBuildPhase;
			buildActionMask = 2147483647;
			files = (
				A00000000000000000000001 /* RunnerzApp.swift in Sources */,
				A00000000000000000000002 /* FTMSTreadmillManager.swift in Sources */,
				A00000000000000000000003 /* WorkoutManager.swift in Sources */,
			);
			runOnlyForDeploymentPostprocessing = 0;
		};
		B00000000000000000000007 /* Sources */ = {
			isa = PBXSourcesBuildPhase;
			buildActionMask = 2147483647;
			files = (
				B00000000000000000000004 /* RunnerzComplication.swift in Sources */,
			);
			runOnlyForDeploymentPostprocessing = 0;
		};
/* End PBXSourcesBuildPhase section */

/* Begin PBXTargetDependency section */
		B00000000000000000000016 /* PBXTargetDependency */ = {
			isa = PBXTargetDependency;
			target = B00000000000000000000011 /* RunnerzComplication */;
			targetProxy = B00000000000000000000015 /* PBXContainerItemProxy */;
		};
/* End PBXTargetDependency section */

/* Begin XCBuildConfiguration section */
		A00000000000000000000060 /* Debug */ = {
			isa = XCBuildConfiguration;
			buildSettings = {
				ALWAYS_SEARCH_USER_PATHS = NO;
				CODE_SIGN_ENTITLEMENTS = Runnerz.entitlements;
				CODE_SIGN_STYLE = Automatic;
				INFOPLIST_FILE = Info.plist;
				PRODUCT_BUNDLE_IDENTIFIER = com.runnerz.watch;
				PRODUCT_NAME = "$(TARGET_NAME)";
				SDKROOT = watchos;
				SUPPORTED_PLATFORMS = "watchos watchsimulator";
				SWIFT_VERSION = 5.0;
				TARGETED_DEVICE_FAMILY = 4;
				WATCHOS_DEPLOYMENT_TARGET = 26.0;
			};
			name = Debug;
		};
		A00000000000000000000061 /* Release */ = {
			isa = XCBuildConfiguration;
			buildSettings = {
				ALWAYS_SEARCH_USER_PATHS = NO;
				CODE_SIGN_ENTITLEMENTS = Runnerz.entitlements;
				CODE_SIGN_STYLE = Automatic;
				INFOPLIST_FILE = Info.plist;
				PRODUCT_BUNDLE_IDENTIFIER = com.runnerz.watch;
				PRODUCT_NAME = "$(TARGET_NAME)";
				SDKROOT = watchos;
				SUPPORTED_PLATFORMS = "watchos watchsimulator";
				SWIFT_VERSION = 5.0;
				TARGETED_DEVICE_FAMILY = 4;
				WATCHOS_DEPLOYMENT_TARGET = 26.0;
			};
			name = Release;
		};
		A00000000000000000000062 /* Debug */ = {
			isa = XCBuildConfiguration;
			buildSettings = {
				CLANG_ENABLE_MODULES = YES;
				SWIFT_OPTIMIZATION_LEVEL = "-Onone";
			};
			name = Debug;
		};
		A00000000000000000000063 /* Release */ = {
			isa = XCBuildConfiguration;
			buildSettings = {
				CLANG_ENABLE_MODULES = YES;
				SWIFT_OPTIMIZATION_LEVEL = "-O";
			};
			name = Release;
		};
		B00000000000000000000013 /* Debug */ = {
			isa = XCBuildConfiguration;
			buildSettings = {
				ALWAYS_SEARCH_USER_PATHS = NO;
				CLANG_ENABLE_MODULES = YES;
				CODE_SIGN_STYLE = Automatic;
				INFOPLIST_FILE = RunnerzComplication/Info.plist;
				LD_RUNPATH_SEARCH_PATHS = (
					"$(inherited)",
					"@executable_path/Frameworks",
					"@executable_path/../../Frameworks",
				);
				PRODUCT_BUNDLE_IDENTIFIER = com.runnerz.watch.complication;
				PRODUCT_NAME = "$(TARGET_NAME)";
				SDKROOT = watchos;
				SKIP_INSTALL = YES;
				SUPPORTED_PLATFORMS = "watchos watchsimulator";
				SWIFT_OPTIMIZATION_LEVEL = "-Onone";
				SWIFT_VERSION = 5.0;
				TARGETED_DEVICE_FAMILY = 4;
				WATCHOS_DEPLOYMENT_TARGET = 26.0;
			};
			name = Debug;
		};
		B00000000000000000000014 /* Release */ = {
			isa = XCBuildConfiguration;
			buildSettings = {
				ALWAYS_SEARCH_USER_PATHS = NO;
				CLANG_ENABLE_MODULES = YES;
				CODE_SIGN_STYLE = Automatic;
				INFOPLIST_FILE = RunnerzComplication/Info.plist;
				LD_RUNPATH_SEARCH_PATHS = (
					"$(inherited)",
					"@executable_path/Frameworks",
					"@executable_path/../../Frameworks",
				);
				PRODUCT_BUNDLE_IDENTIFIER = com.runnerz.watch.complication;
				PRODUCT_NAME = "$(TARGET_NAME)";
				SDKROOT = watchos;
				SKIP_INSTALL = YES;
				SUPPORTED_PLATFORMS = "watchos watchsimulator";
				SWIFT_OPTIMIZATION_LEVEL = "-O";
				SWIFT_VERSION = 5.0;
				TARGETED_DEVICE_FAMILY = 4;
				WATCHOS_DEPLOYMENT_TARGET = 26.0;
			};
			name = Release;
		};
/* End XCBuildConfiguration section */

/* Begin XCConfigurationList section */
		A00000000000000000000051 /* Build configuration list for PBXNativeTarget "Runnerz" */ = {
			isa = XCConfigurationList;
			buildConfigurations = (
				A00000000000000000000060 /* Debug */,
				A00000000000000000000061 /* Release */,
			);
			defaultConfigurationIsVisible = 0;
			defaultConfigurationName = Release;
		};
		A00000000000000000000052 /* Build configuration list for PBXProject "Runnerz" */ = {
			isa = XCConfigurationList;
			buildConfigurations = (
				A00000000000000000000062 /* Debug */,
				A00000000000000000000063 /* Release */,
			);
			defaultConfigurationIsVisible = 0;
			defaultConfigurationName = Release;
		};
		B00000000000000000000012 /* Build configuration list for PBXNativeTarget "RunnerzComplication" */ = {
			isa = XCConfigurationList;
			buildConfigurations = (
				B00000000000000000000013 /* Debug */,
				B00000000000000000000014 /* Release */,
			);
			defaultConfigurationIsVisible = 0;
			defaultConfigurationName = Release;
		};
/* End XCConfigurationList section */
	};
	rootObject = A00000000000000000000050 /* Project object */;
}
